// !$*UTF8*$!
{
	archiveVersion = 1;
	classes = {
	};
	objectVersion = 45;
	objects = {

/* Begin PBXBuildFile section */
		1D3623260D0F684500981E51 /* NetworkDemoAppDelegate.m in Sources */ = {isa = PBXBuildFile; fileRef = 1D3623250D0F684500981E51 /* NetworkDemoAppDelegate.m */; };
		1D60589B0D05DD56006BFB54 /* main.m in Sources */ = {isa = PBXBuildFile; fileRef = 29B97316FDCFA39411CA2CEA /* main.m */; };
		1D60589F0D05DD5A006BFB54 /* Foundation.framework in Frameworks */ = {isa = PBXBuildFile; fileRef = 1D30AB110D05D00D00671497 /* Foundation.framework */; };
		1DF5F4E00D08C38300B7A737 /* UIKit.framework in Frameworks */ = {isa = PBXBuildFile; fileRef = 1DF5F4DF0D08C38300B7A737 /* UIKit.framework */; };
		288765A50DF7441C002DB57D /* CoreGraphics.framework in Frameworks */ = {isa = PBXBuildFile; fileRef = 288765A40DF7441C002DB57D /* CoreGraphics.framework */; };
		2899E5220DE3E06400AC0155 /* FJNetworkManagerViewController.xib in Resources */ = {isa = PBXBuildFile; fileRef = 2899E5210DE3E06400AC0155 /* FJNetworkManagerViewController.xib */; };
		28AD733F0D9D9553002E5188 /* MainWindow.xib in Resources */ = {isa = PBXBuildFile; fileRef = 28AD733E0D9D9553002E5188 /* MainWindow.xib */; };
		28D7ACF80DDB3853001CB0EB /* NetworkDemoViewController.m in Sources */ = {isa = PBXBuildFile; fileRef = 28D7ACF70DDB3853001CB0EB /* NetworkDemoViewController.m */; };
		C40376D01201A418008D5257 /* NSMutableURLRequest+Parameters.m in Sources */ = {isa = PBXBuildFile; fileRef = C40376AA1201A416008D5257 /* NSMutableURLRequest+Parameters.m */; };
		C40376D11201A418008D5257 /* NSString+URLEncoding.m in Sources */ = {isa = PBXBuildFile; fileRef = C40376AC1201A416008D5257 /* NSString+URLEncoding.m */; };
		C40376D21201A418008D5257 /* NSURL+Base.m in Sources */ = {isa = PBXBuildFile; fileRef = C40376AE1201A416008D5257 /* NSURL+Base.m */; };
		C40376D31201A418008D5257 /* Base64Transcoder.c in Sources */ = {isa = PBXBuildFile; fileRef = C40376B01201A416008D5257 /* Base64Transcoder.c */; };
		C40376D41201A418008D5257 /* hmac.c in Sources */ = {isa = PBXBuildFile; fileRef = C40376B21201A416008D5257 /* hmac.c */; };
		C40376D51201A418008D5257 /* sha1.c in Sources */ = {isa = PBXBuildFile; fileRef = C40376B41201A416008D5257 /* sha1.c */; };
		C40376D61201A418008D5257 /* OACall.m in Sources */ = {isa = PBXBuildFile; fileRef = C40376B71201A416008D5257 /* OACall.m */; };
		C40376D71201A418008D5257 /* OAConsumer.m in Sources */ = {isa = PBXBuildFile; fileRef = C40376B91201A417008D5257 /* OAConsumer.m */; };
		C40376D81201A418008D5257 /* OADataFetcher.m in Sources */ = {isa = PBXBuildFile; fileRef = C40376BB1201A417008D5257 /* OADataFetcher.m */; };
		C40376D91201A418008D5257 /* OAHMAC_SHA1SignatureProvider.m in Sources */ = {isa = PBXBuildFile; fileRef = C40376BD1201A417008D5257 /* OAHMAC_SHA1SignatureProvider.m */; };
		C40376DA1201A418008D5257 /* OAMutableURLRequest.m in Sources */ = {isa = PBXBuildFile; fileRef = C40376BF1201A417008D5257 /* OAMutableURLRequest.m */; };
		C40376DB1201A418008D5257 /* OAPlaintextSignatureProvider.m in Sources */ = {isa = PBXBuildFile; fileRef = C40376C11201A417008D5257 /* OAPlaintextSignatureProvider.m */; };
		C40376DC1201A418008D5257 /* OAProblem.m in Sources */ = {isa = PBXBuildFile; fileRef = C40376C31201A417008D5257 /* OAProblem.m */; };
		C40376DD1201A418008D5257 /* OARequestParameter.m in Sources */ = {isa = PBXBuildFile; fileRef = C40376C51201A418008D5257 /* OARequestParameter.m */; };
		C40376DE1201A418008D5257 /* OAServiceTicket.m in Sources */ = {isa = PBXBuildFile; fileRef = C40376C71201A418008D5257 /* OAServiceTicket.m */; };
		C40376DF1201A418008D5257 /* OATestServer.rb in Resources */ = {isa = PBXBuildFile; fileRef = C40376C91201A418008D5257 /* OATestServer.rb */; };
		C40376E01201A418008D5257 /* OAToken.m in Sources */ = {isa = PBXBuildFile; fileRef = C40376CB1201A418008D5257 /* OAToken.m */; };
		C40376E11201A418008D5257 /* OATokenManager.m in Sources */ = {isa = PBXBuildFile; fileRef = C40376CD1201A418008D5257 /* OATokenManager.m */; };
		C40376E21201A418008D5257 /* README in Resources */ = {isa = PBXBuildFile; fileRef = C40376CF1201A418008D5257 /* README */; };
		C40C63C611FB6166008A66B9 /* FJBlockURLRequest.m in Sources */ = {isa = PBXBuildFile; fileRef = C40C63C511FB6166008A66B9 /* FJBlockURLRequest.m */; };
		C468064811F7767900933E3B /* NSString+extensions.m in Sources */ = {isa = PBXBuildFile; fileRef = C468064711F7767900933E3B /* NSString+extensions.m */; };
		C46C182A11F68BE700377E8C /* FJBlockURLManager.m in Sources */ = {isa = PBXBuildFile; fileRef = C46C182911F68BE700377E8C /* FJBlockURLManager.m */; };
		C48D79DF120F32700022E643 /* FJImageURLRequest.m in Sources */ = {isa = PBXBuildFile; fileRef = C48D79DE120F32700022E643 /* FJImageURLRequest.m */; };
		C48D79F6120F33460022E643 /* NSObject+AssociatedObjects.m in Sources */ = {isa = PBXBuildFile; fileRef = C48D79F5120F33460022E643 /* NSObject+AssociatedObjects.m */; };
		C48D79FF120F339A0022E643 /* NSError+Vimeo.m in Sources */ = {isa = PBXBuildFile; fileRef = C48D79FE120F339A0022E643 /* NSError+Vimeo.m */; };
		C4E7530C122116E500804CDB /* FJOAuthHeaderProvider.m in Sources */ = {isa = PBXBuildFile; fileRef = C4E7530B122116E500804CDB /* FJOAuthHeaderProvider.m */; };
/* End PBXBuildFile section */

/* Begin PBXFileReference section */
		1D30AB110D05D00D00671497 /* Foundation.framework */ = {isa = PBXFileReference; lastKnownFileType = wrapper.framework; name = Foundation.framework; path = System/Library/Frameworks/Foundation.framework; sourceTree = SDKROOT; };
		1D3623240D0F684500981E51 /* NetworkDemoAppDelegate.h */ = {isa = PBXFileReference; fileEncoding = 4; lastKnownFileType = sourcecode.c.h; path = NetworkDemoAppDelegate.h; sourceTree = "<group>"; };
		1D3623250D0F684500981E51 /* NetworkDemoAppDelegate.m */ = {isa = PBXFileReference; fileEncoding = 4; lastKnownFileType = sourcecode.c.objc; path = NetworkDemoAppDelegate.m; sourceTree = "<group>"; };
		1D6058910D05DD3D006BFB54 /* FJBlockURLManager.app */ = {isa = PBXFileReference; explicitFileType = wrapper.application; includeInIndex = 0; path = FJBlockURLManager.app; sourceTree = BUILT_PRODUCTS_DIR; };
		1DF5F4DF0D08C38300B7A737 /* UIKit.framework */ = {isa = PBXFileReference; lastKnownFileType = wrapper.framework; name = UIKit.framework; path = System/Library/Frameworks/UIKit.framework; sourceTree = SDKROOT; };
		288765A40DF7441C002DB57D /* CoreGraphics.framework */ = {isa = PBXFileReference; lastKnownFileType = wrapper.framework; name = CoreGraphics.framework; path = System/Library/Frameworks/CoreGraphics.framework; sourceTree = SDKROOT; };
		2899E5210DE3E06400AC0155 /* FJNetworkManagerViewController.xib */ = {isa = PBXFileReference; lastKnownFileType = file.xib; path = FJNetworkManagerViewController.xib; sourceTree = "<group>"; };
		28AD733E0D9D9553002E5188 /* MainWindow.xib */ = {isa = PBXFileReference; lastKnownFileType = file.xib; path = MainWindow.xib; sourceTree = "<group>"; };
		28D7ACF60DDB3853001CB0EB /* NetworkDemoViewController.h */ = {isa = PBXFileReference; fileEncoding = 4; lastKnownFileType = sourcecode.c.h; path = NetworkDemoViewController.h; sourceTree = "<group>"; };
		28D7ACF70DDB3853001CB0EB /* NetworkDemoViewController.m */ = {isa = PBXFileReference; fileEncoding = 4; lastKnownFileType = sourcecode.c.objc; path = NetworkDemoViewController.m; sourceTree = "<group>"; };
		29B97316FDCFA39411CA2CEA /* main.m */ = {isa = PBXFileReference; fileEncoding = 4; lastKnownFileType = sourcecode.c.objc; path = main.m; sourceTree = "<group>"; };
		32CA4F630368D1EE00C91783 /* FJBlockURLManager_Prefix.pch */ = {isa = PBXFileReference; fileEncoding = 4; lastKnownFileType = sourcecode.c.h; path = FJBlockURLManager_Prefix.pch; sourceTree = "<group>"; };
		8D1107310486CEB800E47090 /* FJBlockURLManager-Info.plist */ = {isa = PBXFileReference; fileEncoding = 4; lastKnownFileType = text.plist.xml; path = "FJBlockURLManager-Info.plist"; plistStructureDefinitionIdentifier = "com.apple.xcode.plist.structure-definition.iphone.info-plist"; sourceTree = "<group>"; };
		C40376A91201A416008D5257 /* NSMutableURLRequest+Parameters.h */ = {isa = PBXFileReference; fileEncoding = 4; lastKnownFileType = sourcecode.c.h; path = "NSMutableURLRequest+Parameters.h"; sourceTree = "<group>"; };
		C40376AA1201A416008D5257 /* NSMutableURLRequest+Parameters.m */ = {isa = PBXFileReference; fileEncoding = 4; lastKnownFileType = sourcecode.c.objc; path = "NSMutableURLRequest+Parameters.m"; sourceTree = "<group>"; };
		C40376AB1201A416008D5257 /* NSString+URLEncoding.h */ = {isa = PBXFileReference; fileEncoding = 4; lastKnownFileType = sourcecode.c.h; path = "NSString+URLEncoding.h"; sourceTree = "<group>"; };
		C40376AC1201A416008D5257 /* NSString+URLEncoding.m */ = {isa = PBXFileReference; fileEncoding = 4; lastKnownFileType = sourcecode.c.objc; path = "NSString+URLEncoding.m"; sourceTree = "<group>"; };
		C40376AD1201A416008D5257 /* NSURL+Base.h */ = {isa = PBXFileReference; fileEncoding = 4; lastKnownFileType = sourcecode.c.h; path = "NSURL+Base.h"; sourceTree = "<group>"; };
		C40376AE1201A416008D5257 /* NSURL+Base.m */ = {isa = PBXFileReference; fileEncoding = 4; lastKnownFileType = sourcecode.c.objc; path = "NSURL+Base.m"; sourceTree = "<group>"; };
		C40376B01201A416008D5257 /* Base64Transcoder.c */ = {isa = PBXFileReference; fileEncoding = 4; lastKnownFileType = sourcecode.c.c; path = Base64Transcoder.c; sourceTree = "<group>"; };
		C40376B11201A416008D5257 /* Base64Transcoder.h */ = {isa = PBXFileReference; fileEncoding = 4; lastKnownFileType = sourcecode.c.h; path = Base64Transcoder.h; sourceTree = "<group>"; };
		C40376B21201A416008D5257 /* hmac.c */ = {isa = PBXFileReference; fileEncoding = 4; lastKnownFileType = sourcecode.c.c; path = hmac.c; sourceTree = "<group>"; };
		C40376B31201A416008D5257 /* hmac.h */ = {isa = PBXFileReference; fileEncoding = 4; lastKnownFileType = sourcecode.c.h; path = hmac.h; sourceTree = "<group>"; };
		C40376B41201A416008D5257 /* sha1.c */ = {isa = PBXFileReference; fileEncoding = 4; lastKnownFileType = sourcecode.c.c; path = sha1.c; sourceTree = "<group>"; };
		C40376B51201A416008D5257 /* sha1.h */ = {isa = PBXFileReference; fileEncoding = 4; lastKnownFileType = sourcecode.c.h; path = sha1.h; sourceTree = "<group>"; };
		C40376B61201A416008D5257 /* OACall.h */ = {isa = PBXFileReference; fileEncoding = 4; lastKnownFileType = sourcecode.c.h; path = OACall.h; sourceTree = "<group>"; };
		C40376B71201A416008D5257 /* OACall.m */ = {isa = PBXFileReference; fileEncoding = 4; lastKnownFileType = sourcecode.c.objc; path = OACall.m; sourceTree = "<group>"; };
		C40376B81201A416008D5257 /* OAConsumer.h */ = {isa = PBXFileReference; fileEncoding = 4; lastKnownFileType = sourcecode.c.h; path = OAConsumer.h; sourceTree = "<group>"; };
		C40376B91201A417008D5257 /* OAConsumer.m */ = {isa = PBXFileReference; fileEncoding = 4; lastKnownFileType = sourcecode.c.objc; path = OAConsumer.m; sourceTree = "<group>"; };
		C40376BA1201A417008D5257 /* OADataFetcher.h */ = {isa = PBXFileReference; fileEncoding = 4; lastKnownFileType = sourcecode.c.h; path = OADataFetcher.h; sourceTree = "<group>"; };
		C40376BB1201A417008D5257 /* OADataFetcher.m */ = {isa = PBXFileReference; fileEncoding = 4; lastKnownFileType = sourcecode.c.objc; path = OADataFetcher.m; sourceTree = "<group>"; };
		C40376BC1201A417008D5257 /* OAHMAC_SHA1SignatureProvider.h */ = {isa = PBXFileReference; fileEncoding = 4; lastKnownFileType = sourcecode.c.h; path = OAHMAC_SHA1SignatureProvider.h; sourceTree = "<group>"; };
		C40376BD1201A417008D5257 /* OAHMAC_SHA1SignatureProvider.m */ = {isa = PBXFileReference; fileEncoding = 4; lastKnownFileType = sourcecode.c.objc; path = OAHMAC_SHA1SignatureProvider.m; sourceTree = "<group>"; };
		C40376BE1201A417008D5257 /* OAMutableURLRequest.h */ = {isa = PBXFileReference; fileEncoding = 4; lastKnownFileType = sourcecode.c.h; path = OAMutableURLRequest.h; sourceTree = "<group>"; };
		C40376BF1201A417008D5257 /* OAMutableURLRequest.m */ = {isa = PBXFileReference; fileEncoding = 4; lastKnownFileType = sourcecode.c.objc; path = OAMutableURLRequest.m; sourceTree = "<group>"; };
		C40376C01201A417008D5257 /* OAPlaintextSignatureProvider.h */ = {isa = PBXFileReference; fileEncoding = 4; lastKnownFileType = sourcecode.c.h; path = OAPlaintextSignatureProvider.h; sourceTree = "<group>"; };
		C40376C11201A417008D5257 /* OAPlaintextSignatureProvider.m */ = {isa = PBXFileReference; fileEncoding = 4; lastKnownFileType = sourcecode.c.objc; path = OAPlaintextSignatureProvider.m; sourceTree = "<group>"; };
		C40376C21201A417008D5257 /* OAProblem.h */ = {isa = PBXFileReference; fileEncoding = 4; lastKnownFileType = sourcecode.c.h; path = OAProblem.h; sourceTree = "<group>"; };
		C40376C31201A417008D5257 /* OAProblem.m */ = {isa = PBXFileReference; fileEncoding = 4; lastKnownFileType = sourcecode.c.objc; path = OAProblem.m; sourceTree = "<group>"; };
		C40376C41201A418008D5257 /* OARequestParameter.h */ = {isa = PBXFileReference; fileEncoding = 4; lastKnownFileType = sourcecode.c.h; path = OARequestParameter.h; sourceTree = "<group>"; };
		C40376C51201A418008D5257 /* OARequestParameter.m */ = {isa = PBXFileReference; fileEncoding = 4; lastKnownFileType = sourcecode.c.objc; path = OARequestParameter.m; sourceTree = "<group>"; };
		C40376C61201A418008D5257 /* OAServiceTicket.h */ = {isa = PBXFileReference; fileEncoding = 4; lastKnownFileType = sourcecode.c.h; path = OAServiceTicket.h; sourceTree = "<group>"; };
		C40376C71201A418008D5257 /* OAServiceTicket.m */ = {isa = PBXFileReference; fileEncoding = 4; lastKnownFileType = sourcecode.c.objc; path = OAServiceTicket.m; sourceTree = "<group>"; };
		C40376C81201A418008D5257 /* OASignatureProviding.h */ = {isa = PBXFileReference; fileEncoding = 4; lastKnownFileType = sourcecode.c.h; path = OASignatureProviding.h; sourceTree = "<group>"; };
		C40376C91201A418008D5257 /* OATestServer.rb */ = {isa = PBXFileReference; fileEncoding = 4; lastKnownFileType = text.script.ruby; path = OATestServer.rb; sourceTree = "<group>"; };
		C40376CA1201A418008D5257 /* OAToken.h */ = {isa = PBXFileReference; fileEncoding = 4; lastKnownFileType = sourcecode.c.h; path = OAToken.h; sourceTree = "<group>"; };
		C40376CB1201A418008D5257 /* OAToken.m */ = {isa = PBXFileReference; fileEncoding = 4; lastKnownFileType = sourcecode.c.objc; path = OAToken.m; sourceTree = "<group>"; };
		C40376CC1201A418008D5257 /* OATokenManager.h */ = {isa = PBXFileReference; fileEncoding = 4; lastKnownFileType = sourcecode.c.h; path = OATokenManager.h; sourceTree = "<group>"; };
		C40376CD1201A418008D5257 /* OATokenManager.m */ = {isa = PBXFileReference; fileEncoding = 4; lastKnownFileType = sourcecode.c.objc; path = OATokenManager.m; sourceTree = "<group>"; };
		C40376CE1201A418008D5257 /* OAuthConsumer.h */ = {isa = PBXFileReference; fileEncoding = 4; lastKnownFileType = sourcecode.c.h; path = OAuthConsumer.h; sourceTree = "<group>"; };
		C40376CF1201A418008D5257 /* README */ = {isa = PBXFileReference; fileEncoding = 4; lastKnownFileType = text; path = README; sourceTree = "<group>"; };
		C40C63C411FB6166008A66B9 /* FJBlockURLRequest.h */ = {isa = PBXFileReference; fileEncoding = 4; lastKnownFileType = sourcecode.c.h; path = FJBlockURLRequest.h; sourceTree = "<group>"; };
		C40C63C511FB6166008A66B9 /* FJBlockURLRequest.m */ = {isa = PBXFileReference; fileEncoding = 4; lastKnownFileType = sourcecode.c.objc; path = FJBlockURLRequest.m; sourceTree = "<group>"; };
		C468064611F7767900933E3B /* NSString+extensions.h */ = {isa = PBXFileReference; fileEncoding = 4; lastKnownFileType = sourcecode.c.h; path = "NSString+extensions.h"; sourceTree = "<group>"; };
		C468064711F7767900933E3B /* NSString+extensions.m */ = {isa = PBXFileReference; fileEncoding = 4; lastKnownFileType = sourcecode.c.objc; path = "NSString+extensions.m"; sourceTree = "<group>"; };
		C46C182811F68BE700377E8C /* FJBlockURLManager.h */ = {isa = PBXFileReference; fileEncoding = 4; lastKnownFileType = sourcecode.c.h; path = FJBlockURLManager.h; sourceTree = "<group>"; };
		C46C182911F68BE700377E8C /* FJBlockURLManager.m */ = {isa = PBXFileReference; fileEncoding = 4; lastKnownFileType = sourcecode.c.objc; lineEnding = 0; path = FJBlockURLManager.m; sourceTree = "<group>"; };
		C48D79DD120F32700022E643 /* FJImageURLRequest.h */ = {isa = PBXFileReference; fileEncoding = 4; lastKnownFileType = sourcecode.c.h; path = FJImageURLRequest.h; sourceTree = "<group>"; };
		C48D79DE120F32700022E643 /* FJImageURLRequest.m */ = {isa = PBXFileReference; fileEncoding = 4; lastKnownFileType = sourcecode.c.objc; path = FJImageURLRequest.m; sourceTree = "<group>"; };
		C48D79E4120F32C10022E643 /* MacroUtilities.h */ = {isa = PBXFileReference; fileEncoding = 4; lastKnownFileType = sourcecode.c.h; path = MacroUtilities.h; sourceTree = "<group>"; };
		C48D79F4120F33460022E643 /* NSObject+AssociatedObjects.h */ = {isa = PBXFileReference; fileEncoding = 4; lastKnownFileType = sourcecode.c.h; path = "NSObject+AssociatedObjects.h"; sourceTree = "<group>"; };
		C48D79F5120F33460022E643 /* NSObject+AssociatedObjects.m */ = {isa = PBXFileReference; fileEncoding = 4; lastKnownFileType = sourcecode.c.objc; path = "NSObject+AssociatedObjects.m"; sourceTree = "<group>"; };
		C48D79FD120F339A0022E643 /* NSError+Vimeo.h */ = {isa = PBXFileReference; fileEncoding = 4; lastKnownFileType = sourcecode.c.h; path = "NSError+Vimeo.h"; sourceTree = "<group>"; };
		C48D79FE120F339A0022E643 /* NSError+Vimeo.m */ = {isa = PBXFileReference; fileEncoding = 4; lastKnownFileType = sourcecode.c.objc; path = "NSError+Vimeo.m"; sourceTree = "<group>"; };
		C4E7530A122116E500804CDB /* FJOAuthHeaderProvider.h */ = {isa = PBXFileReference; fileEncoding = 4; lastKnownFileType = sourcecode.c.h; path = FJOAuthHeaderProvider.h; sourceTree = "<group>"; };
		C4E7530B122116E500804CDB /* FJOAuthHeaderProvider.m */ = {isa = PBXFileReference; fileEncoding = 4; lastKnownFileType = sourcecode.c.objc; path = FJOAuthHeaderProvider.m; sourceTree = "<group>"; };
/* End PBXFileReference section */

/* Begin PBXFrameworksBuildPhase section */
		1D60588F0D05DD3D006BFB54 /* Frameworks */ = {
			isa = PBXFrameworksBuildPhase;
			buildActionMask = 2147483647;
			files = (
				1D60589F0D05DD5A006BFB54 /* Foundation.framework in Frameworks */,
				1DF5F4E00D08C38300B7A737 /* UIKit.framework in Frameworks */,
				288765A50DF7441C002DB57D /* CoreGraphics.framework in Frameworks */,
			);
			runOnlyForDeploymentPostprocessing = 0;
		};
/* End PBXFrameworksBuildPhase section */

/* Begin PBXGroup section */
		080E96DDFE201D6D7F000001 /* Classes */ = {
			isa = PBXGroup;
			children = (
				1D3623240D0F684500981E51 /* NetworkDemoAppDelegate.h */,
				1D3623250D0F684500981E51 /* NetworkDemoAppDelegate.m */,
				28D7ACF60DDB3853001CB0EB /* NetworkDemoViewController.h */,
				28D7ACF70DDB3853001CB0EB /* NetworkDemoViewController.m */,
				C40376A41201A3D0008D5257 /* Source */,
				C40376A51201A3D5008D5257 /* Support */,
			);
			path = Classes;
			sourceTree = "<group>";
		};
		19C28FACFE9D520D11CA2CBB /* Products */ = {
			isa = PBXGroup;
			children = (
				1D6058910D05DD3D006BFB54 /* FJBlockURLManager.app */,
			);
			name = Products;
			sourceTree = "<group>";
		};
		29B97314FDCFA39411CA2CEA /* CustomTemplate */ = {
			isa = PBXGroup;
			children = (
				080E96DDFE201D6D7F000001 /* Classes */,
				29B97315FDCFA39411CA2CEA /* Other Sources */,
				29B97317FDCFA39411CA2CEA /* Resources */,
				29B97323FDCFA39411CA2CEA /* Frameworks */,
				19C28FACFE9D520D11CA2CBB /* Products */,
			);
			name = CustomTemplate;
			sourceTree = "<group>";
		};
		29B97315FDCFA39411CA2CEA /* Other Sources */ = {
			isa = PBXGroup;
			children = (
				32CA4F630368D1EE00C91783 /* FJBlockURLManager_Prefix.pch */,
				29B97316FDCFA39411CA2CEA /* main.m */,
			);
			name = "Other Sources";
			sourceTree = "<group>";
		};
		29B97317FDCFA39411CA2CEA /* Resources */ = {
			isa = PBXGroup;
			children = (
				2899E5210DE3E06400AC0155 /* FJNetworkManagerViewController.xib */,
				28AD733E0D9D9553002E5188 /* MainWindow.xib */,
				8D1107310486CEB800E47090 /* FJBlockURLManager-Info.plist */,
			);
			name = Resources;
			sourceTree = "<group>";
		};
		29B97323FDCFA39411CA2CEA /* Frameworks */ = {
			isa = PBXGroup;
			children = (
				1DF5F4DF0D08C38300B7A737 /* UIKit.framework */,
				1D30AB110D05D00D00671497 /* Foundation.framework */,
				288765A40DF7441C002DB57D /* CoreGraphics.framework */,
			);
			name = Frameworks;
			sourceTree = "<group>";
		};
		C40376A41201A3D0008D5257 /* Source */ = {
			isa = PBXGroup;
			children = (
				C4E7530A122116E500804CDB /* FJOAuthHeaderProvider.h */,
				C4E7530B122116E500804CDB /* FJOAuthHeaderProvider.m */,
				C48D79DD120F32700022E643 /* FJImageURLRequest.h */,
				C48D79DE120F32700022E643 /* FJImageURLRequest.m */,
				C40C63C411FB6166008A66B9 /* FJBlockURLRequest.h */,
				C40C63C511FB6166008A66B9 /* FJBlockURLRequest.m */,
				C46C182811F68BE700377E8C /* FJBlockURLManager.h */,
				C46C182911F68BE700377E8C /* FJBlockURLManager.m */,
			);
			name = Source;
			sourceTree = "<group>";
		};
		C40376A51201A3D5008D5257 /* Support */ = {
			isa = PBXGroup;
			children = (
				C48D79FD120F339A0022E643 /* NSError+Vimeo.h */,
				C48D79FE120F339A0022E643 /* NSError+Vimeo.m */,
				C48D79F4120F33460022E643 /* NSObject+AssociatedObjects.h */,
				C48D79F5120F33460022E643 /* NSObject+AssociatedObjects.m */,
				C48D79E4120F32C10022E643 /* MacroUtilities.h */,
				C40376A71201A416008D5257 /* oauthconsumer */,
				C468064611F7767900933E3B /* NSString+extensions.h */,
				C468064711F7767900933E3B /* NSString+extensions.m */,
			);
			name = Support;
			sourceTree = "<group>";
		};
		C40376A71201A416008D5257 /* oauthconsumer */ = {
			isa = PBXGroup;
			children = (
				C40376A81201A416008D5257 /* Categories */,
				C40376AF1201A416008D5257 /* Crytpo */,
				C40376B61201A416008D5257 /* OACall.h */,
				C40376B71201A416008D5257 /* OACall.m */,
				C40376B81201A416008D5257 /* OAConsumer.h */,
				C40376B91201A417008D5257 /* OAConsumer.m */,
				C40376BA1201A417008D5257 /* OADataFetcher.h */,
				C40376BB1201A417008D5257 /* OADataFetcher.m */,
				C40376BC1201A417008D5257 /* OAHMAC_SHA1SignatureProvider.h */,
				C40376BD1201A417008D5257 /* OAHMAC_SHA1SignatureProvider.m */,
				C40376BE1201A417008D5257 /* OAMutableURLRequest.h */,
				C40376BF1201A417008D5257 /* OAMutableURLRequest.m */,
				C40376C01201A417008D5257 /* OAPlaintextSignatureProvider.h */,
				C40376C11201A417008D5257 /* OAPlaintextSignatureProvider.m */,
				C40376C21201A417008D5257 /* OAProblem.h */,
				C40376C31201A417008D5257 /* OAProblem.m */,
				C40376C41201A418008D5257 /* OARequestParameter.h */,
				C40376C51201A418008D5257 /* OARequestParameter.m */,
				C40376C61201A418008D5257 /* OAServiceTicket.h */,
				C40376C71201A418008D5257 /* OAServiceTicket.m */,
				C40376C81201A418008D5257 /* OASignatureProviding.h */,
				C40376C91201A418008D5257 /* OATestServer.rb */,
				C40376CA1201A418008D5257 /* OAToken.h */,
				C40376CB1201A418008D5257 /* OAToken.m */,
				C40376CC1201A418008D5257 /* OATokenManager.h */,
				C40376CD1201A418008D5257 /* OATokenManager.m */,
				C40376CE1201A418008D5257 /* OAuthConsumer.h */,
				C40376CF1201A418008D5257 /* README */,
			);
			path = oauthconsumer;
			sourceTree = "<group>";
		};
		C40376A81201A416008D5257 /* Categories */ = {
			isa = PBXGroup;
			children = (
				C40376A91201A416008D5257 /* NSMutableURLRequest+Parameters.h */,
				C40376AA1201A416008D5257 /* NSMutableURLRequest+Parameters.m */,
				C40376AB1201A416008D5257 /* NSString+URLEncoding.h */,
				C40376AC1201A416008D5257 /* NSString+URLEncoding.m */,
				C40376AD1201A416008D5257 /* NSURL+Base.h */,
				C40376AE1201A416008D5257 /* NSURL+Base.m */,
			);
			path = Categories;
			sourceTree = "<group>";
		};
		C40376AF1201A416008D5257 /* Crytpo */ = {
			isa = PBXGroup;
			children = (
				C40376B01201A416008D5257 /* Base64Transcoder.c */,
				C40376B11201A416008D5257 /* Base64Transcoder.h */,
				C40376B21201A416008D5257 /* hmac.c */,
				C40376B31201A416008D5257 /* hmac.h */,
				C40376B41201A416008D5257 /* sha1.c */,
				C40376B51201A416008D5257 /* sha1.h */,
			);
			path = Crytpo;
			sourceTree = "<group>";
		};
/* End PBXGroup section */

/* Begin PBXNativeTarget section */
		1D6058900D05DD3D006BFB54 /* FJBlockURLManager */ = {
			isa = PBXNativeTarget;
			buildConfigurationList = 1D6058960D05DD3E006BFB54 /* Build configuration list for PBXNativeTarget "FJBlockURLManager" */;
			buildPhases = (
				1D60588D0D05DD3D006BFB54 /* Resources */,
				1D60588E0D05DD3D006BFB54 /* Sources */,
				1D60588F0D05DD3D006BFB54 /* Frameworks */,
			);
			buildRules = (
			);
			dependencies = (
			);
			name = FJBlockURLManager;
			productName = FJNetworkManager;
			productReference = 1D6058910D05DD3D006BFB54 /* FJBlockURLManager.app */;
			productType = "com.apple.product-type.application";
		};
/* End PBXNativeTarget section */

/* Begin PBXProject section */
		29B97313FDCFA39411CA2CEA /* Project object */ = {
			isa = PBXProject;
			buildConfigurationList = C01FCF4E08A954540054247B /* Build configuration list for PBXProject "FJBlockURLManager" */;
			compatibilityVersion = "Xcode 3.1";
			hasScannedForEncodings = 1;
			knownRegions = (
				en,
			);
			mainGroup = 29B97314FDCFA39411CA2CEA /* CustomTemplate */;
			projectDirPath = "";
			projectRoot = "";
			targets = (
				1D6058900D05DD3D006BFB54 /* FJBlockURLManager */,
			);
		};
/* End PBXProject section */

/* Begin PBXResourcesBuildPhase section */
		1D60588D0D05DD3D006BFB54 /* Resources */ = {
			isa = PBXResourcesBuildPhase;
			buildActionMask = 2147483647;
			files = (
				28AD733F0D9D9553002E5188 /* MainWindow.xib in Resources */,
				2899E5220DE3E06400AC0155 /* FJNetworkManagerViewController.xib in Resources */,
				C40376DF1201A418008D5257 /* OATestServer.rb in Resources */,
				C40376E21201A418008D5257 /* README in Resources */,
			);
			runOnlyForDeploymentPostprocessing = 0;
		};
/* End PBXResourcesBuildPhase section */

/* Begin PBXSourcesBuildPhase section */
		1D60588E0D05DD3D006BFB54 /* Sources */ = {
			isa = PBXSourcesBuildPhase;
			buildActionMask = 2147483647;
			files = (
				1D60589B0D05DD56006BFB54 /* main.m in Sources */,
				1D3623260D0F684500981E51 /* NetworkDemoAppDelegate.m in Sources */,
				28D7ACF80DDB3853001CB0EB /* NetworkDemoViewController.m in Sources */,
				C46C182A11F68BE700377E8C /* FJBlockURLManager.m in Sources */,
				C468064811F7767900933E3B /* NSString+extensions.m in Sources */,
				C40C63C611FB6166008A66B9 /* FJBlockURLRequest.m in Sources */,
				C40376D01201A418008D5257 /* NSMutableURLRequest+Parameters.m in Sources */,
				C40376D11201A418008D5257 /* NSString+URLEncoding.m in Sources */,
				C40376D21201A418008D5257 /* NSURL+Base.m in Sources */,
				C40376D31201A418008D5257 /* Base64Transcoder.c in Sources */,
				C40376D41201A418008D5257 /* hmac.c in Sources */,
				C40376D51201A418008D5257 /* sha1.c in Sources */,
				C40376D61201A418008D5257 /* OACall.m in Sources */,
				C40376D71201A418008D5257 /* OAConsumer.m in Sources */,
				C40376D81201A418008D5257 /* OADataFetcher.m in Sources */,
				C40376D91201A418008D5257 /* OAHMAC_SHA1SignatureProvider.m in Sources */,
				C40376DA1201A418008D5257 /* OAMutableURLRequest.m in Sources */,
				C40376DB1201A418008D5257 /* OAPlaintextSignatureProvider.m in Sources */,
				C40376DC1201A418008D5257 /* OAProblem.m in Sources */,
				C40376DD1201A418008D5257 /* OARequestParameter.m in Sources */,
				C40376DE1201A418008D5257 /* OAServiceTicket.m in Sources */,
				C40376E01201A418008D5257 /* OAToken.m in Sources */,
				C40376E11201A418008D5257 /* OATokenManager.m in Sources */,
				C48D79DF120F32700022E643 /* FJImageURLRequest.m in Sources */,
				C48D79F6120F33460022E643 /* NSObject+AssociatedObjects.m in Sources */,
				C48D79FF120F339A0022E643 /* NSError+Vimeo.m in Sources */,
				C4E7530C122116E500804CDB /* FJOAuthHeaderProvider.m in Sources */,
			);
			runOnlyForDeploymentPostprocessing = 0;
		};
/* End PBXSourcesBuildPhase section */

/* Begin XCBuildConfiguration section */
		1D6058940D05DD3E006BFB54 /* Debug */ = {
			isa = XCBuildConfiguration;
			buildSettings = {
				ALWAYS_SEARCH_USER_PATHS = NO;
				COPY_PHASE_STRIP = NO;
				GCC_DYNAMIC_NO_PIC = NO;
				GCC_OPTIMIZATION_LEVEL = 0;
				GCC_PRECOMPILE_PREFIX_HEADER = YES;
				GCC_PREFIX_HEADER = FJBlockURLManager_Prefix.pch;
				GCC_VERSION = com.apple.compilers.llvm.clang.1_0;
				INFOPLIST_FILE = "FJBlockURLManager-Info.plist";
				PRODUCT_NAME = FJBlockURLManager;
			};
			name = Debug;
		};
		1D6058950D05DD3E006BFB54 /* Release */ = {
			isa = XCBuildConfiguration;
			buildSettings = {
				ALWAYS_SEARCH_USER_PATHS = NO;
				COPY_PHASE_STRIP = YES;
				GCC_PRECOMPILE_PREFIX_HEADER = YES;
				GCC_PREFIX_HEADER = FJBlockURLManager_Prefix.pch;
				INFOPLIST_FILE = "FJBlockURLManager-Info.plist";
				PRODUCT_NAME = FJBlockURLManager;
				VALIDATE_PRODUCT = YES;
			};
			name = Release;
		};
		C01FCF4F08A954540054247B /* Debug */ = {
			isa = XCBuildConfiguration;
			buildSettings = {
				ARCHS = "$(ARCHS_STANDARD_32_BIT)";
				"CODE_SIGN_IDENTITY[sdk=iphoneos*]" = "iPhone Developer: Corey Floyd (MBS6Q9S99T)";
				GCC_C_LANGUAGE_STANDARD = c99;
				GCC_WARN_ABOUT_RETURN_TYPE = YES;
				GCC_WARN_UNUSED_VARIABLE = YES;
				PREBINDING = NO;
				"PROVISIONING_PROFILE[sdk=iphoneos*]" = "CF208938-23CA-4B50-95F3-1A6D19E99DEF";
				SDKROOT = iphoneos4.0;
			};
			name = Debug;
		};
		C01FCF5008A954540054247B /* Release */ = {
			isa = XCBuildConfiguration;
			buildSettings = {
				ARCHS = "$(ARCHS_STANDARD_32_BIT)";
				"CODE_SIGN_IDENTITY[sdk=iphoneos*]" = "iPhone Developer: Corey Floyd (MBS6Q9S99T)";
				GCC_C_LANGUAGE_STANDARD = c99;
				GCC_WARN_ABOUT_RETURN_TYPE = YES;
				GCC_WARN_UNUSED_VARIABLE = YES;
				OTHER_CFLAGS = "-DNS_BLOCK_ASSERTIONS=1";
				PREBINDING = NO;
				"PROVISIONING_PROFILE[sdk=iphoneos*]" = "CF208938-23CA-4B50-95F3-1A6D19E99DEF";
				SDKROOT = iphoneos4.0;
			};
			name = Release;
		};
/* End XCBuildConfiguration section */

/* Begin XCConfigurationList section */
		1D6058960D05DD3E006BFB54 /* Build configuration list for PBXNativeTarget "FJBlockURLManager" */ = {
			isa = XCConfigurationList;
			buildConfigurations = (
				1D6058940D05DD3E006BFB54 /* Debug */,
				1D6058950D05DD3E006BFB54 /* Release */,
			);
			defaultConfigurationIsVisible = 0;
			defaultConfigurationName = Release;
		};
		C01FCF4E08A954540054247B /* Build configuration list for PBXProject "FJBlockURLManager" */ = {
			isa = XCConfigurationList;
			buildConfigurations = (
				C01FCF4F08A954540054247B /* Debug */,
				C01FCF5008A954540054247B /* Release */,
			);
			defaultConfigurationIsVisible = 0;
			defaultConfigurationName = Release;
		};
/* End XCConfigurationList section */
	};
	rootObject = 29B97313FDCFA39411CA2CEA /* Project object */;
}
